{
	"name": "prototype",
	"lockfileVersion": 2,
	"requires": true,
	"packages": {
		"": {
			"dependencies": {
				"@types/bootstrap": "^5.2.5",
				"@types/jquery": "^3.5.14",
				"typescript": "^4.8.4"
			}
		},
		"node_modules/@popperjs/core": {
			"version": "2.11.6",
			"resolved": "https://registry.npmjs.org/@popperjs/core/-/core-2.11.6.tgz",
			"integrity": "sha512-50/17A98tWUfQ176raKiOGXuYpLyyVMkxxG6oylzL3BPOlA6ADGdK7EYunSa4I064xerltq9TGXs8HmOk5E+vw==",
			"funding": {
				"type": "opencollective",
				"url": "https://opencollective.com/popperjs"
			}
		},
		"node_modules/@types/bootstrap": {
			"version": "5.2.5",
			"resolved": "https://registry.npmjs.org/@types/bootstrap/-/bootstrap-5.2.5.tgz",
			"integrity": "sha512-VnalUJ3E/oaV3DYrauEc/sSPpaEPxTV09twSEzY4KFRvyuGlrZUSqG95XZ6ReAi0YMZIs7rXxdngDK2X1YONQA==",
			"dependencies": {
				"@popperjs/core": "^2.9.2"
			}
		},
		"node_modules/@types/jquery": {
			"version": "3.5.14",
			"resolved": "https://registry.npmjs.org/@types/jquery/-/jquery-3.5.14.tgz",
			"integrity": "sha512-X1gtMRMbziVQkErhTQmSe2jFwwENA/Zr+PprCkF63vFq+Yt5PZ4AlKqgmeNlwgn7dhsXEK888eIW2520EpC+xg==",
			"dependencies": {
				"@types/sizzle": "*"
			}
		},
		"node_modules/@types/sizzle": {
			"version": "2.3.3",
			"resolved": "https://registry.npmjs.org/@types/sizzle/-/sizzle-2.3.3.tgz",
			"integrity": "sha512-JYM8x9EGF163bEyhdJBpR2QX1R5naCJHC8ucJylJ3w9/CVBaskdQ8WqBf8MmQrd1kRvp/a4TS8HJ+bxzR7ZJYQ=="
		},
		"node_modules/typescript": {
			"version": "4.8.4",
			"resolved": "https://registry.npmjs.org/typescript/-/typescript-4.8.4.tgz",
			"integrity": "sha512-QCh+85mCy+h0IGff8r5XWzOVSbBO+KfeYrMQh7NJ58QujwcE22u+NUSmUxqF+un70P9GXKxa2HCNiTTMJknyjQ==",
			"bin": {
				"tsc": "bin/tsc",
				"tsserver": "bin/tsserver"
			},
			"engines": {
				"node": ">=4.2.0"
			}
		}
	},
	"dependencies": {
		"@popperjs/core": {
			"version": "2.11.6",
			"resolved": "https://registry.npmjs.org/@popperjs/core/-/core-2.11.6.tgz",
			"integrity": "sha512-50/17A98tWUfQ176raKiOGXuYpLyyVMkxxG6oylzL3BPOlA6ADGdK7EYunSa4I064xerltq9TGXs8HmOk5E+vw=="
		},
		"@types/bootstrap": {
			"version": "5.2.5",
			"resolved": "https://registry.npmjs.org/@types/bootstrap/-/bootstrap-5.2.5.tgz",
			"integrity": "sha512-VnalUJ3E/oaV3DYrauEc/sSPpaEPxTV09twSEzY4KFRvyuGlrZUSqG95XZ6ReAi0YMZIs7rXxdngDK2X1YONQA==",
			"requires": {
				"@popperjs/core": "^2.9.2"
			}
		},
		"@types/jquery": {
			"version": "3.5.14",
			"resolved": "https://registry.npmjs.org/@types/jquery/-/jquery-3.5.14.tgz",
			"integrity": "sha512-X1gtMRMbziVQkErhTQmSe2jFwwENA/Zr+PprCkF63vFq+Yt5PZ4AlKqgmeNlwgn7dhsXEK888eIW2520EpC+xg==",
			"requires": {
				"@types/sizzle": "*"
			}
		},
		"@types/sizzle": {
			"version": "2.3.3",
			"resolved": "https://registry.npmjs.org/@types/sizzle/-/sizzle-2.3.3.tgz",
			"integrity": "sha512-JYM8x9EGF163bEyhdJBpR2QX1R5naCJHC8ucJylJ3w9/CVBaskdQ8WqBf8MmQrd1kRvp/a4TS8HJ+bxzR7ZJYQ=="
		},
		"typescript": {
			"version": "4.8.4",
			"resolved": "https://registry.npmjs.org/typescript/-/typescript-4.8.4.tgz",
			"integrity": "sha512-QCh+85mCy+h0IGff8r5XWzOVSbBO+KfeYrMQh7NJ58QujwcE22u+NUSmUxqF+un70P9GXKxa2HCNiTTMJknyjQ=="
		}
	}
}
